
Microsoft Visual Studio Solution File, Format Version 12.00
# Visual Studio Version 17
VisualStudioVersion = 17.8.34330.188
MinimumVisualStudioVersion = 10.0.40219.1
Project("{FAE04EC0-301F-11D3-BF4B-00C04F79EFBC}") = "SystemTasks", "SystemTasks\SystemTasks.csproj", "{F4B889AE-CCCC-4827-89D0-741E61B1C209}"
EndProject
Global
	GlobalSection(SolutionConfigurationPlatforms) = preSolution
		Debug|Any CPU = Debug|Any CPU
		Release|Any CPU = Release|Any CPU
	EndGlobalSection
	GlobalSection(ProjectConfigurationPlatforms) = postSolution
		{F4B889AE-CCCC-4827-89D0-741E61B1C209}.Debug|Any CPU.ActiveCfg = Debug|Any CPU
		{F4B889AE-CCCC-4827-89D0-741E61B1C209}.Debug|Any CPU.Build.0 = Debug|Any CPU
		{F4B889AE-CCCC-4827-89D0-741E61B1C209}.Release|Any CPU.ActiveCfg = Release|Any CPU
		{F4B889AE-CCCC-4827-89D0-741E61B1C209}.Release|Any CPU.Build.0 = Release|Any CPU
	EndGlobalSection
	GlobalSection(SolutionProperties) = preSolution
		HideSolutionNode = FALSE
	EndGlobalSection
	GlobalSection(ExtensibilityGlobals) = postSolution
		SolutionGuid = {AEE52F72-2648-4E03-AC68-7E365EACF894}
	EndGlobalSection
EndGlobal
